// !$*UTF8*$!
{
	archiveVersion = 1;
	classes = {
	};
	objectVersion = 50;
	objects = {

/* Begin PBXBuildFile section */
		845886E321FFF5CC007C3BF3 /* AppDelegate.swift in Sources */ = {isa = PBXBuildFile; fileRef = 845886E221FFF5CC007C3BF3 /* AppDelegate.swift */; };
		845886E521FFF5CC007C3BF3 /* ViewController.swift in Sources */ = {isa = PBXBuildFile; fileRef = 845886E421FFF5CC007C3BF3 /* ViewController.swift */; };
		845886E821FFF5CC007C3BF3 /* Main.storyboard in Resources */ = {isa = PBXBuildFile; fileRef = 845886E621FFF5CC007C3BF3 /* Main.storyboard */; };
		845886EA21FFF5CE007C3BF3 /* Assets.xcassets in Resources */ = {isa = PBXBuildFile; fileRef = 845886E921FFF5CE007C3BF3 /* Assets.xcassets */; };
		845886ED21FFF5CF007C3BF3 /* LaunchScreen.storyboard in Resources */ = {isa = PBXBuildFile; fileRef = 845886EB21FFF5CF007C3BF3 /* LaunchScreen.storyboard */; };
		845886F821FFF5CF007C3BF3 /* studentTests.swift in Sources */ = {isa = PBXBuildFile; fileRef = 845886F721FFF5CF007C3BF3 /* studentTests.swift */; };
		8458870321FFF5CF007C3BF3 /* studentUITests.swift in Sources */ = {isa = PBXBuildFile; fileRef = 8458870221FFF5CF007C3BF3 /* studentUITests.swift */; };
/* End PBXBuildFile section */

/* Begin PBXContainerItemProxy section */
		845886F421FFF5CF007C3BF3 /* PBXContainerItemProxy */ = {
			isa = PBXContainerItemProxy;
			containerPortal = 845886D721FFF5CC007C3BF3 /* Project object */;
			proxyType = 1;
			remoteGlobalIDString = 845886DE21FFF5CC007C3BF3;
			remoteInfo = student;
		};
		845886FF21FFF5CF007C3BF3 /* PBXContainerItemProxy */ = {
			isa = PBXContainerItemProxy;
			containerPortal = 845886D721FFF5CC007C3BF3 /* Project object */;
			proxyType = 1;
			remoteGlobalIDString = 845886DE21FFF5CC007C3BF3;
			remoteInfo = student;
		};
/* End PBXContainerItemProxy section */

/* Begin PBXFileReference section */
		845886DF21FFF5CC007C3BF3 /* student.app */ = {isa = PBXFileReference; explicitFileType = wrapper.application; includeInIndex = 0; path = student.app; sourceTree = BUILT_PRODUCTS_DIR; };
		845886E221FFF5CC007C3BF3 /* AppDelegate.swift */ = {isa = PBXFileReference; lastKnownFileType = sourcecode.swift; path = AppDelegate.swift; sourceTree = "<group>"; };
		845886E421FFF5CC007C3BF3 /* ViewController.swift */ = {isa = PBXFileReference; lastKnownFileType = sourcecode.swift; path = ViewController.swift; sourceTree = "<group>"; };
		845886E721FFF5CC007C3BF3 /* Base */ = {isa = PBXFileReference; lastKnownFileType = file.storyboard; name = Base; path = Base.lproj/Main.storyboard; sourceTree = "<group>"; };
		845886E921FFF5CE007C3BF3 /* Assets.xcassets */ = {isa = PBXFileReference; lastKnownFileType = folder.assetcatalog; path = Assets.xcassets; sourceTree = "<group>"; };
		845886EC21FFF5CF007C3BF3 /* Base */ = {isa = PBXFileReference; lastKnownFileType = file.storyboard; name = Base; path = Base.lproj/LaunchScreen.storyboard; sourceTree = "<group>"; };
		845886EE21FFF5CF007C3BF3 /* Info.plist */ = {isa = PBXFileReference; lastKnownFileType = text.plist.xml; path = Info.plist; sourceTree = "<group>"; };
		845886F321FFF5CF007C3BF3 /* studentTests.xctest */ = {isa = PBXFileReference; explicitFileType = wrapper.cfbundle; includeInIndex = 0; path = studentTests.xctest; sourceTree = BUILT_PRODUCTS_DIR; };
		845886F721FFF5CF007C3BF3 /* studentTests.swift */ = {isa = PBXFileReference; lastKnownFileType = sourcecode.swift; path = studentTests.swift; sourceTree = "<group>"; };
		845886F921FFF5CF007C3BF3 /* Info.plist */ = {isa = PBXFileReference; lastKnownFileType = text.plist.xml; path = Info.plist; sourceTree = "<group>"; };
		845886FE21FFF5CF007C3BF3 /* studentUITests.xctest */ = {isa = PBXFileReference; explicitFileType = wrapper.cfbundle; includeInIndex = 0; path = studentUITests.xctest; sourceTree = BUILT_PRODUCTS_DIR; };
		8458870221FFF5CF007C3BF3 /* studentUITests.swift */ = {isa = PBXFileReference; lastKnownFileType = sourcecode.swift; path = studentUITests.swift; sourceTree = "<group>"; };
		8458870421FFF5CF007C3BF3 /* Info.plist */ = {isa = PBXFileReference; lastKnownFileType = text.plist.xml; path = Info.plist; sourceTree = "<group>"; };
/* End PBXFileReference section */

/* Begin PBXFrameworksBuildPhase section */
		845886DC21FFF5CC007C3BF3 /* Frameworks */ = {
			isa = PBXFrameworksBuildPhase;
			buildActionMask = 2147483647;
			files = (
			);
			runOnlyForDeploymentPostprocessing = 0;
		};
		845886F021FFF5CF007C3BF3 /* Frameworks */ = {
			isa = PBXFrameworksBuildPhase;
			buildActionMask = 2147483647;
			files = (
			);
			runOnlyForDeploymentPostprocessing = 0;
		};
		845886FB21FFF5CF007C3BF3 /* Frameworks */ = {
			isa = PBXFrameworksBuildPhase;
			buildActionMask = 2147483647;
			files = (
			);
			runOnlyForDeploymentPostprocessing = 0;
		};
/* End PBXFrameworksBuildPhase section */

/* Begin PBXGroup section */
		845886D621FFF5CC007C3BF3 = {
			isa = PBXGroup;
			children = (
				845886E121FFF5CC007C3BF3 /* student */,
				845886F621FFF5CF007C3BF3 /* studentTests */,
				8458870121FFF5CF007C3BF3 /* studentUITests */,
				845886E021FFF5CC007C3BF3 /* Products */,
			);
			sourceTree = "<group>";
		};
		845886E021FFF5CC007C3BF3 /* Products */ = {
			isa = PBXGroup;
			children = (
				845886DF21FFF5CC007C3BF3 /* student.app */,
				845886F321FFF5CF007C3BF3 /* studentTests.xctest */,
				845886FE21FFF5CF007C3BF3 /* studentUITests.xctest */,
			);
			name = Products;
			sourceTree = "<group>";
		};
		845886E121FFF5CC007C3BF3 /* student */ = {
			isa = PBXGroup;
			children = (
				845886E221FFF5CC007C3BF3 /* AppDelegate.swift */,
				845886E421FFF5CC007C3BF3 /* ViewController.swift */,
				845886E621FFF5CC007C3BF3 /* Main.storyboard */,
				845886E921FFF5CE007C3BF3 /* Assets.xcassets */,
				845886EB21FFF5CF007C3BF3 /* LaunchScreen.storyboard */,
				845886EE21FFF5CF007C3BF3 /* Info.plist */,
			);
			path = student;
			sourceTree = "<group>";
		};
		845886F621FFF5CF007C3BF3 /* studentTests */ = {
			isa = PBXGroup;
			children = (
				845886F721FFF5CF007C3BF3 /* studentTests.swift */,
				845886F921FFF5CF007C3BF3 /* Info.plist */,
			);
			path = studentTests;
			sourceTree = "<group>";
		};
		8458870121FFF5CF007C3BF3 /* studentUITests */ = {
			isa = PBXGroup;
			children = (
				8458870221FFF5CF007C3BF3 /* studentUITests.swift */,
				8458870421FFF5CF007C3BF3 /* Info.plist */,
			);
			path = studentUITests;
			sourceTree = "<group>";
		};
/* End PBXGroup section */

/* Begin PBXNativeTarget section */
		845886DE21FFF5CC007C3BF3 /* student */ = {
			isa = PBXNativeTarget;
			buildConfigurationList = 8458870721FFF5CF007C3BF3 /* Build configuration list for PBXNativeTarget "student" */;
			buildPhases = (
				845886DB21FFF5CC007C3BF3 /* Sources */,
				845886DC21FFF5CC007C3BF3 /* Frameworks */,
				845886DD21FFF5CC007C3BF3 /* Resources */,
			);
			buildRules = (
			);
			dependencies = (
			);
			name = student;
			productName = student;
			productReference = 845886DF21FFF5CC007C3BF3 /* student.app */;
			productType = "com.apple.product-type.application";
		};
		845886F221FFF5CF007C3BF3 /* studentTests */ = {
			isa = PBXNativeTarget;
			buildConfigurationList = 8458870A21FFF5CF007C3BF3 /* Build configuration list for PBXNativeTarget "studentTests" */;
			buildPhases = (
				845886EF21FFF5CF007C3BF3 /* Sources */,
				845886F021FFF5CF007C3BF3 /* Frameworks */,
				845886F121FFF5CF007C3BF3 /* Resources */,
			);
			buildRules = (
			);
			dependencies = (
				845886F521FFF5CF007C3BF3 /* PBXTargetDependency */,
			);
			name = studentTests;
			productName = studentTests;
			productReference = 845886F321FFF5CF007C3BF3 /* studentTests.xctest */;
			productType = "com.apple.product-type.bundle.unit-test";
		};
		845886FD21FFF5CF007C3BF3 /* studentUITests */ = {
			isa = PBXNativeTarget;
			buildConfigurationList = 8458870D21FFF5CF007C3BF3 /* Build configuration list for PBXNativeTarget "studentUITests" */;
			buildPhases = (
				845886FA21FFF5CF007C3BF3 /* Sources */,
				845886FB21FFF5CF007C3BF3 /* Frameworks */,
				845886FC21FFF5CF007C3BF3 /* Resources */,
			);
			buildRules = (
			);
			dependencies = (
				8458870021FFF5CF007C3BF3 /* PBXTargetDependency */,
			);
			name = studentUITests;
			productName = studentUITests;
			productReference = 845886FE21FFF5CF007C3BF3 /* studentUITests.xctest */;
			productType = "com.apple.product-type.bundle.ui-testing";
		};
/* End PBXNativeTarget section */

/* Begin PBXProject section */
		845886D721FFF5CC007C3BF3 /* Project object */ = {
			isa = PBXProject;
			attributes = {
				LastSwiftUpdateCheck = 1010;
				LastUpgradeCheck = 1010;
				ORGANIZATIONNAME = KMUTNB;
				TargetAttributes = {
					845886DE21FFF5CC007C3BF3 = {
						CreatedOnToolsVersion = 10.1;
					};
					845886F221FFF5CF007C3BF3 = {
						CreatedOnToolsVersion = 10.1;
						TestTargetID = 845886DE21FFF5CC007C3BF3;
					};
					845886FD21FFF5CF007C3BF3 = {
						CreatedOnToolsVersion = 10.1;
						TestTargetID = 845886DE21FFF5CC007C3BF3;
					};
				};
			};
			buildConfigurationList = 845886DA21FFF5CC007C3BF3 /* Build configuration list for PBXProject "student" */;
			compatibilityVersion = "Xcode 9.3";
			developmentRegion = en;
			hasScannedForEncodings = 0;
			knownRegions = (
				en,
				Base,
			);
			mainGroup = 845886D621FFF5CC007C3BF3;
			productRefGroup = 845886E021FFF5CC007C3BF3 /* Products */;
			projectDirPath = "";
			projectRoot = "";
			targets = (
				845886DE21FFF5CC007C3BF3 /* student */,
				845886F221FFF5CF007C3BF3 /* studentTests */,
				845886FD21FFF5CF007C3BF3 /* studentUITests */,
			);
		};
/* End PBXProject section */

/* Begin PBXResourcesBuildPhase section */
		845886DD21FFF5CC007C3BF3 /* Resources */ = {
			isa = PBXResourcesBuildPhase;
			buildActionMask = 2147483647;
			files = (
				845886ED21FFF5CF007C3BF3 /* LaunchScreen.storyboard in Resources */,
				845886EA21FFF5CE007C3BF3 /* Assets.xcassets in Resources */,
				845886E821FFF5CC007C3BF3 /* Main.storyboard in Resources */,
			);
			runOnlyForDeploymentPostprocessing = 0;
		};
		845886F121FFF5CF007C3BF3 /* Resources */ = {
			isa = PBXResourcesBuildPhase;
			buildActionMask = 2147483647;
			files = (
			);
			runOnlyForDeploymentPostprocessing = 0;
		};
		845886FC21FFF5CF007C3BF3 /* Resources */ = {
			isa = PBXResourcesBuildPhase;
			buildActionMask = 2147483647;
			files = (
			);
			runOnlyForDeploymentPostprocessing = 0;
		};
/* End PBXResourcesBuildPhase section */

/* Begin PBXSourcesBuildPhase section */
		845886DB21FFF5CC007C3BF3 /* Sources */ = {
			isa = PBXSourcesBuildPhase;
			buildActionMask = 2147483647;
			files = (
				845886E521FFF5CC007C3BF3 /* ViewController.swift in Sources */,
				845886E321FFF5CC007C3BF3 /* AppDelegate.swift in Sources */,
			);
			runOnlyForDeploymentPostprocessing = 0;
		};
		845886EF21FFF5CF007C3BF3 /* Sources */ = {
			isa = PBXSourcesBuildPhase;
			buildActionMask = 2147483647;
			files = (
				845886F821FFF5CF007C3BF3 /* studentTests.swift in Sources */,
			);
			runOnlyForDeploymentPostprocessing = 0;
		};
		845886FA21FFF5CF007C3BF3 /* Sources */ = {
			isa = PBXSourcesBuildPhase;
			buildActionMask = 2147483647;
			files = (
				8458870321FFF5CF007C3BF3 /* studentUITests.swift in Sources */,
			);
			runOnlyForDeploymentPostprocessing = 0;
		};
/* End PBXSourcesBuildPhase section */

/* Begin PBXTargetDependency section */
		845886F521FFF5CF007C3BF3 /* PBXTargetDependency */ = {
			isa = PBXTargetDependency;
			target = 845886DE21FFF5CC007C3BF3 /* student */;
			targetProxy = 845886F421FFF5CF007C3BF3 /* PBXContainerItemProxy */;
		};
		8458870021FFF5CF007C3BF3 /* PBXTargetDependency */ = {
			isa = PBXTargetDependency;
			target = 845886DE21FFF5CC007C3BF3 /* student */;
			targetProxy = 845886FF21FFF5CF007C3BF3 /* PBXContainerItemProxy */;
		};
/* End PBXTargetDependency section */

/* Begin PBXVariantGroup section */
		845886E621FFF5CC007C3BF3 /* Main.storyboard */ = {
			isa = PBXVariantGroup;
			children = (
				845886E721FFF5CC007C3BF3 /* Base */,
			);
			name = Main.storyboard;
			sourceTree = "<group>";
		};
		845886EB21FFF5CF007C3BF3 /* LaunchScreen.storyboard */ = {
			isa = PBXVariantGroup;
			children = (
				845886EC21FFF5CF007C3BF3 /* Base */,
			);
			name = LaunchScreen.storyboard;
			sourceTree = "<group>";
		};
/* End PBXVariantGroup section */

/* Begin XCBuildConfiguration section */
		8458870521FFF5CF007C3BF3 /* Debug */ = {
			isa = XCBuildConfiguration;
			buildSettings = {
				ALWAYS_SEARCH_USER_PATHS = NO;
				CLANG_ANALYZER_NONNULL = YES;
				CLANG_ANALYZER_NUMBER_OBJECT_CONVERSION = YES_AGGRESSIVE;
				CLANG_CXX_LANGUAGE_STANDARD = "gnu++14";
				CLANG_CXX_LIBRARY = "libc++";
				CLANG_ENABLE_MODULES = YES;
				CLANG_ENABLE_OBJC_ARC = YES;
				CLANG_ENABLE_OBJC_WEAK = YES;
				CLANG_WARN_BLOCK_CAPTURE_AUTORELEASING = YES;
				CLANG_WARN_BOOL_CONVERSION = YES;
				CLANG_WARN_COMMA = YES;
				CLANG_WARN_CONSTANT_CONVERSION = YES;
				CLANG_WARN_DEPRECATED_OBJC_IMPLEMENTATIONS = YES;
				CLANG_WARN_DIRECT_OBJC_ISA_USAGE = YES_ERROR;
				CLANG_WARN_DOCUMENTATION_COMMENTS = YES;
				CLANG_WARN_EMPTY_BODY = YES;
				CLANG_WARN_ENUM_CONVERSION = YES;
				CLANG_WARN_INFINITE_RECURSION = YES;
				CLANG_WARN_INT_CONVERSION = YES;
				CLANG_WARN_NON_LITERAL_NULL_CONVERSION = YES;
				CLANG_WARN_OBJC_IMPLICIT_RETAIN_SELF = YES;
				CLANG_WARN_OBJC_LITERAL_CONVERSION = YES;
				CLANG_WARN_OBJC_ROOT_CLASS = YES_ERROR;
				CLANG_WARN_RANGE_LOOP_ANALYSIS = YES;
				CLANG_WARN_STRICT_PROTOTYPES = YES;
				CLANG_WARN_SUSPICIOUS_MOVE = YES;
				CLANG_WARN_UNGUARDED_AVAILABILITY = YES_AGGRESSIVE;
				CLANG_WARN_UNREACHABLE_CODE = YES;
				CLANG_WARN__DUPLICATE_METHOD_MATCH = YES;
				CODE_SIGN_IDENTITY = "iPhone Developer";
				COPY_PHASE_STRIP = NO;
				DEBUG_INFORMATION_FORMAT = dwarf;
				ENABLE_STRICT_OBJC_MSGSEND = YES;
				ENABLE_TESTABILITY = YES;
				GCC_C_LANGUAGE_STANDARD = gnu11;
				GCC_DYNAMIC_NO_PIC = NO;
				GCC_NO_COMMON_BLOCKS = YES;
				GCC_OPTIMIZATION_LEVEL = 0;
				GCC_PREPROCESSOR_DEFINITIONS = (
					"DEBUG=1",
					"$(inherited)",
				);
				GCC_WARN_64_TO_32_BIT_CONVERSION = YES;
				GCC_WARN_ABOUT_RETURN_TYPE = YES_ERROR;
				GCC_WARN_UNDECLARED_SELECTOR = YES;
				GCC_WARN_UNINITIALIZED_AUTOS = YES_AGGRESSIVE;
				GCC_WARN_UNUSED_FUNCTION = YES;
				GCC_WARN_UNUSED_VARIABLE = YES;
				IPHONEOS_DEPLOYMENT_TARGET = 12.1;
				MTL_ENABLE_DEBUG_INFO = INCLUDE_SOURCE;
				MTL_FAST_MATH = YES;
				ONLY_ACTIVE_ARCH = YES;
				SDKROOT = iphoneos;
				SWIFT_ACTIVE_COMPILATION_CONDITIONS = DEBUG;
				SWIFT_OPTIMIZATION_LEVEL = "-Onone";
			};
			name = Debug;
		};
		8458870621FFF5CF007C3BF3 /* Release */ = {
			isa = XCBuildConfiguration;
			buildSettings = {
				ALWAYS_SEARCH_USER_PATHS = NO;
				CLANG_ANALYZER_NONNULL = YES;
				CLANG_ANALYZER_NUMBER_OBJECT_CONVERSION = YES_AGGRESSIVE;
				CLANG_CXX_LANGUAGE_STANDARD = "gnu++14";
				CLANG_CXX_LIBRARY = "libc++";
				CLANG_ENABLE_MODULES = YES;
				CLANG_ENABLE_OBJC_ARC = YES;
				CLANG_ENABLE_OBJC_WEAK = YES;
				CLANG_WARN_BLOCK_CAPTURE_AUTORELEASING = YES;
				CLANG_WARN_BOOL_CONVERSION = YES;
				CLANG_WARN_COMMA = YES;
				CLANG_WARN_CONSTANT_CONVERSION = YES;
				CLANG_WARN_DEPRECATED_OBJC_IMPLEMENTATIONS = YES;
				CLANG_WARN_DIRECT_OBJC_ISA_USAGE = YES_ERROR;
				CLANG_WARN_DOCUMENTATION_COMMENTS = YES;
				CLANG_WARN_EMPTY_BODY = YES;
				CLANG_WARN_ENUM_CONVERSION = YES;
				CLANG_WARN_INFINITE_RECURSION = YES;
				CLANG_WARN_INT_CONVERSION = YES;
				CLANG_WARN_NON_LITERAL_NULL_CONVERSION = YES;
				CLANG_WARN_OBJC_IMPLICIT_RETAIN_SELF = YES;
				CLANG_WARN_OBJC_LITERAL_CONVERSION = YES;
				CLANG_WARN_OBJC_ROOT_CLASS = YES_ERROR;
				CLANG_WARN_RANGE_LOOP_ANALYSIS = YES;
				CLANG_WARN_STRICT_PROTOTYPES = YES;
				CLANG_WARN_SUSPICIOUS_MOVE = YES;
				CLANG_WARN_UNGUARDED_AVAILABILITY = YES_AGGRESSIVE;
				CLANG_WARN_UNREACHABLE_CODE = YES;
				CLANG_WARN__DUPLICATE_METHOD_MATCH = YES;
				CODE_SIGN_IDENTITY = "iPhone Developer";
				COPY_PHASE_STRIP = NO;
				DEBUG_INFORMATION_FORMAT = "dwarf-with-dsym";
				ENABLE_NS_ASSERTIONS = NO;
				ENABLE_STRICT_OBJC_MSGSEND = YES;
				GCC_C_LANGUAGE_STANDARD = gnu11;
				GCC_NO_COMMON_BLOCKS = YES;
				GCC_WARN_64_TO_32_BIT_CONVERSION = YES;
				GCC_WARN_ABOUT_RETURN_TYPE = YES_ERROR;
				GCC_WARN_UNDECLARED_SELECTOR = YES;
				GCC_WARN_UNINITIALIZED_AUTOS = YES_AGGRESSIVE;
				GCC_WARN_UNUSED_FUNCTION = YES;
				GCC_WARN_UNUSED_VARIABLE = YES;
				IPHONEOS_DEPLOYMENT_TARGET = 12.1;
				MTL_ENABLE_DEBUG_INFO = NO;
				MTL_FAST_MATH = YES;
				SDKROOT = iphoneos;
				SWIFT_COMPILATION_MODE = wholemodule;
				SWIFT_OPTIMIZATION_LEVEL = "-O";
				VALIDATE_PRODUCT = YES;
			};
			name = Release;
		};
		8458870821FFF5CF007C3BF3 /* Debug */ = {
			isa = XCBuildConfiguration;
			buildSettings = {
				ASSETCATALOG_COMPILER_APPICON_NAME = AppIcon;
				CODE_SIGN_STYLE = Automatic;
				DEVELOPMENT_TEAM = HTAK6B56ZF;
				INFOPLIST_FILE = student/Info.plist;
				LD_RUNPATH_SEARCH_PATHS = (
					"$(inherited)",
					"@executable_path/Frameworks",
				);
				PRODUCT_BUNDLE_IDENTIFIER = student.student;
				PRODUCT_NAME = "$(TARGET_NAME)";
				SWIFT_VERSION = 4.2;
				TARGETED_DEVICE_FAMILY = "1,2";
			};
			name = Debug;
		};
		8458870921FFF5CF007C3BF3 /* Release */ = {
			isa = XCBuildConfiguration;
			buildSettings = {
				ASSETCATALOG_COMPILER_APPICON_NAME = AppIcon;
				CODE_SIGN_STYLE = Automatic;
				DEVELOPMENT_TEAM = HTAK6B56ZF;
				INFOPLIST_FILE = student/Info.plist;
				LD_RUNPATH_SEARCH_PATHS = (
					"$(inherited)",
					"@executable_path/Frameworks",
				);
				PRODUCT_BUNDLE_IDENTIFIER = student.student;
				PRODUCT_NAME = "$(TARGET_NAME)";
				SWIFT_VERSION = 4.2;
				TARGETED_DEVICE_FAMILY = "1,2";
			};
			name = Release;
		};
		8458870B21FFF5CF007C3BF3 /* Debug */ = {
			isa = XCBuildConfiguration;
			buildSettings = {
				ALWAYS_EMBED_SWIFT_STANDARD_LIBRARIES = YES;
				BUNDLE_LOADER = "$(TEST_HOST)";
				CODE_SIGN_STYLE = Automatic;
				DEVELOPMENT_TEAM = HTAK6B56ZF;
				INFOPLIST_FILE = studentTests/Info.plist;
				LD_RUNPATH_SEARCH_PATHS = (
					"$(inherited)",
					"@executable_path/Frameworks",
					"@loader_path/Frameworks",
				);
				PRODUCT_BUNDLE_IDENTIFIER = student.studentTests;
				PRODUCT_NAME = "$(TARGET_NAME)";
				SWIFT_VERSION = 4.2;
				TARGETED_DEVICE_FAMILY = "1,2";
				TEST_HOST = "$(BUILT_PRODUCTS_DIR)/student.app/student";
			};
			name = Debug;
		};
		8458870C21FFF5CF007C3BF3 /* Release */ = {
			isa = XCBuildConfiguration;
			buildSettings = {
				ALWAYS_EMBED_SWIFT_STANDARD_LIBRARIES = YES;
				BUNDLE_LOADER = "$(TEST_HOST)";
				CODE_SIGN_STYLE = Automatic;
				DEVELOPMENT_TEAM = HTAK6B56ZF;
				INFOPLIST_FILE = studentTests/Info.plist;
				LD_RUNPATH_SEARCH_PATHS = (
					"$(inherited)",
					"@executable_path/Frameworks",
					"@loader_path/Frameworks",
				);
				PRODUCT_BUNDLE_IDENTIFIER = student.studentTests;
				PRODUCT_NAME = "$(TARGET_NAME)";
				SWIFT_VERSION = 4.2;
				TARGETED_DEVICE_FAMILY = "1,2";
				TEST_HOST = "$(BUILT_PRODUCTS_DIR)/student.app/student";
			};
			name = Release;
		};
		8458870E21FFF5CF007C3BF3 /* Debug */ = {
			isa = XCBuildConfiguration;
			buildSettings = {
				ALWAYS_EMBED_SWIFT_STANDARD_LIBRARIES = YES;
				CODE_SIGN_STYLE = Automatic;
				DEVELOPMENT_TEAM = HTAK6B56ZF;
				INFOPLIST_FILE = studentUITests/Info.plist;
				LD_RUNPATH_SEARCH_PATHS = (
					"$(inherited)",
					"@executable_path/Frameworks",
					"@loader_path/Frameworks",
				);
				PRODUCT_BUNDLE_IDENTIFIER = student.studentUITests;
				PRODUCT_NAME = "$(TARGET_NAME)";
				SWIFT_VERSION = 4.2;
				TARGETED_DEVICE_FAMILY = "1,2";
				TEST_TARGET_NAME = student;
			};
			name = Debug;
		};
		8458870F21FFF5CF007C3BF3 /* Release */ = {
			isa = XCBuildConfiguration;
			buildSettings = {
				ALWAYS_EMBED_SWIFT_STANDARD_LIBRARIES = YES;
				CODE_SIGN_STYLE = Automatic;
				DEVELOPMENT_TEAM = HTAK6B56ZF;
				INFOPLIST_FILE = studentUITests/Info.plist;
				LD_RUNPATH_SEARCH_PATHS = (
					"$(inherited)",
					"@executable_path/Frameworks",
					"@loader_path/Frameworks",
				);
				PRODUCT_BUNDLE_IDENTIFIER = student.studentUITests;
				PRODUCT_NAME = "$(TARGET_NAME)";
				SWIFT_VERSION = 4.2;
				TARGETED_DEVICE_FAMILY = "1,2";
				TEST_TARGET_NAME = student;
			};
			name = Release;
		};
/* End XCBuildConfiguration section */

/* Begin XCConfigurationList section */
		845886DA21FFF5CC007C3BF3 /* Build configuration list for PBXProject "student" */ = {
			isa = XCConfigurationList;
			buildConfigurations = (
				8458870521FFF5CF007C3BF3 /* Debug */,
				8458870621FFF5CF007C3BF3 /* Release */,
			);
			defaultConfigurationIsVisible = 0;
			defaultConfigurationName = Release;
		};
		8458870721FFF5CF007C3BF3 /* Build configuration list for PBXNativeTarget "student" */ = {
			isa = XCConfigurationList;
			buildConfigurations = (
				8458870821FFF5CF007C3BF3 /* Debug */,
				8458870921FFF5CF007C3BF3 /* Release */,
			);
			defaultConfigurationIsVisible = 0;
			defaultConfigurationName = Release;
		};
		8458870A21FFF5CF007C3BF3 /* Build configuration list for PBXNativeTarget "studentTests" */ = {
			isa = XCConfigurationList;
			buildConfigurations = (
				8458870B21FFF5CF007C3BF3 /* Debug */,
				8458870C21FFF5CF007C3BF3 /* Release */,
			);
			defaultConfigurationIsVisible = 0;
			defaultConfigurationName = Release;
		};
		8458870D21FFF5CF007C3BF3 /* Build configuration list for PBXNativeTarget "studentUITests" */ = {
			isa = XCConfigurationList;
			buildConfigurations = (
				8458870E21FFF5CF007C3BF3 /* Debug */,
				8458870F21FFF5CF007C3BF3 /* Release */,
			);
			defaultConfigurationIsVisible = 0;
			defaultConfigurationName = Release;
		};
/* End XCConfigurationList section */
	};
	rootObject = 845886D721FFF5CC007C3BF3 /* Project object */;
}
